
Microsoft Visual Studio Solution File, Format Version 12.00
# Visual Studio Version 16
VisualStudioVersion = 16.0.30804.86
MinimumVisualStudioVersion = 10.0.40219.1
Project("{9092AA53-FB77-4645-B42D-1CCCA6BD08BD}") = "NodejsWebApp1", "NodejsWebApp1\NodejsWebApp1.njsproj", "{BA0CEE15-EEDB-4953-9889-A9C501484612}"
EndProject
Global
	GlobalSection(SolutionConfigurationPlatforms) = preSolution
		Debug|Any CPU = Debug|Any CPU
		Release|Any CPU = Release|Any CPU
	EndGlobalSection
	GlobalSection(ProjectConfigurationPlatforms) = postSolution
		{BA0CEE15-EEDB-4953-9889-A9C501484612}.Debug|Any CPU.ActiveCfg = Debug|Any CPU
		{BA0CEE15-EEDB-4953-9889-A9C501484612}.Debug|Any CPU.Build.0 = Debug|Any CPU
		{BA0CEE15-EEDB-4953-9889-A9C501484612}.Release|Any CPU.ActiveCfg = Release|Any CPU
		{BA0CEE15-EEDB-4953-9889-A9C501484612}.Release|Any CPU.Build.0 = Release|Any CPU
	EndGlobalSection
	GlobalSection(SolutionProperties) = preSolution
		HideSolutionNode = FALSE
	EndGlobalSection
	GlobalSection(ExtensibilityGlobals) = postSolution
		SolutionGuid = {54353F35-7541-40C2-94B6-BB9835B7696B}
	EndGlobalSection
EndGlobal
